
Microsoft Visual Studio Solution File, Format Version 12.00
# Visual Studio Version 16
VisualStudioVersion = 16.0.30804.86
MinimumVisualStudioVersion = 10.0.40219.1
Project("{FAE04EC0-301F-11D3-BF4B-00C04F79EFBC}") = "OfferApi", "OfferApi.csproj", "{B42E10BD-12C0-48AA-9928-D7A37DFBD2D6}"
EndProject
Global
	GlobalSection(SolutionConfigurationPlatforms) = preSolution
		Debug|Any CPU = Debug|Any CPU
		Release|Any CPU = Release|Any CPU
	EndGlobalSection
	GlobalSection(ProjectConfigurationPlatforms) = postSolution
		{B42E10BD-12C0-48AA-9928-D7A37DFBD2D6}.Debug|Any CPU.ActiveCfg = Debug|Any CPU
		{B42E10BD-12C0-48AA-9928-D7A37DFBD2D6}.Debug|Any CPU.Build.0 = Debug|Any CPU
		{B42E10BD-12C0-48AA-9928-D7A37DFBD2D6}.Release|Any CPU.ActiveCfg = Release|Any CPU
		{B42E10BD-12C0-48AA-9928-D7A37DFBD2D6}.Release|Any CPU.Build.0 = Release|Any CPU
	EndGlobalSection
	GlobalSection(SolutionProperties) = preSolution
		HideSolutionNode = FALSE
	EndGlobalSection
	GlobalSection(ExtensibilityGlobals) = postSolution
		SolutionGuid = {3D8C4492-C0E1-41DC-8E02-FF01C3D35386}
	EndGlobalSection
EndGlobal
